
Microsoft Visual Studio Solution File, Format Version 12.00
# Visual Studio Version 17
VisualStudioVersion = 17.1.32210.238
MinimumVisualStudioVersion = 10.0.40219.1
Project("{2150E333-8FDC-42A3-9474-1A3956D46DE8}") = "Core", "Core", "{184A82E6-2E6A-4FBF-8233-2ABA858785CC}"
EndProject
Project("{9A19103F-16F7-4668-BE54-9A1E7A4F7556}") = "Domain.Core", "Domain.Core\Domain.Core.csproj", "{26B143D1-D79A-4424-80A8-55A3D627CBFA}"
EndProject
Project("{9A19103F-16F7-4668-BE54-9A1E7A4F7556}") = "Application.Core", "Application.Core\Application.Core.csproj", "{D3AF95D2-96B5-4161-85E7-F1A6CA74BA15}"
EndProject
Project("{2150E333-8FDC-42A3-9474-1A3956D46DE8}") = "Infrastructure", "Infrastructure", "{C83538DC-0ABF-4640-9340-54ECACF84387}"
EndProject
Project("{9A19103F-16F7-4668-BE54-9A1E7A4F7556}") = "Persistence.EF", "Persistence.EF\Persistence.EF.csproj", "{9BA52E1A-659D-47EE-B0F0-50AF2498B206}"
EndProject
Project("{9A19103F-16F7-4668-BE54-9A1E7A4F7556}") = "TaskAPI", "TaskAPI\TaskAPI.csproj", "{A406FE36-1373-4805-8586-5633C8D3E5DA}"
EndProject
Project("{2150E333-8FDC-42A3-9474-1A3956D46DE8}") = "Tests", "Tests", "{7A6E0E39-29F7-4C67-9D12-DE0C1EB29AFA}"
EndProject
Project("{2150E333-8FDC-42A3-9474-1A3956D46DE8}") = "Domain.Core.Test", "Domain.Core.Test", "{311BF14A-E6B9-421A-9870-75852102572B}"
EndProject
Project("{FAE04EC0-301F-11D3-BF4B-00C04F79EFBC}") = "Entites.Test", "Entites.Test\Entites.Test.csproj", "{758811C2-7446-4624-9E63-F0CAA6FC55DE}"
EndProject
Project("{2150E333-8FDC-42A3-9474-1A3956D46DE8}") = "Application.Core.Test", "Application.Core.Test", "{35250803-F596-46C9-B0D4-3CCB16485168}"
EndProject
Project("{2150E333-8FDC-42A3-9474-1A3956D46DE8}") = "Infrastructure.Test", "Infrastructure.Test", "{3586BF60-2E4D-444C-9011-12D9E5802AB5}"
EndProject
Project("{FAE04EC0-301F-11D3-BF4B-00C04F79EFBC}") = "Persistence.EF.Test", "Persistence.EF.Test\Persistence.EF.Test.csproj", "{D8171C93-7B00-4AD7-BF6D-3AF4B048F8C5}"
EndProject
Global
	GlobalSection(SolutionConfigurationPlatforms) = preSolution
		Debug|Any CPU = Debug|Any CPU
		Release|Any CPU = Release|Any CPU
	EndGlobalSection
	GlobalSection(ProjectConfigurationPlatforms) = postSolution
		{26B143D1-D79A-4424-80A8-55A3D627CBFA}.Debug|Any CPU.ActiveCfg = Debug|Any CPU
		{26B143D1-D79A-4424-80A8-55A3D627CBFA}.Debug|Any CPU.Build.0 = Debug|Any CPU
		{26B143D1-D79A-4424-80A8-55A3D627CBFA}.Release|Any CPU.ActiveCfg = Release|Any CPU
		{26B143D1-D79A-4424-80A8-55A3D627CBFA}.Release|Any CPU.Build.0 = Release|Any CPU
		{D3AF95D2-96B5-4161-85E7-F1A6CA74BA15}.Debug|Any CPU.ActiveCfg = Debug|Any CPU
		{D3AF95D2-96B5-4161-85E7-F1A6CA74BA15}.Debug|Any CPU.Build.0 = Debug|Any CPU
		{D3AF95D2-96B5-4161-85E7-F1A6CA74BA15}.Release|Any CPU.ActiveCfg = Release|Any CPU
		{D3AF95D2-96B5-4161-85E7-F1A6CA74BA15}.Release|Any CPU.Build.0 = Release|Any CPU
		{9BA52E1A-659D-47EE-B0F0-50AF2498B206}.Debug|Any CPU.ActiveCfg = Debug|Any CPU
		{9BA52E1A-659D-47EE-B0F0-50AF2498B206}.Debug|Any CPU.Build.0 = Debug|Any CPU
		{9BA52E1A-659D-47EE-B0F0-50AF2498B206}.Release|Any CPU.ActiveCfg = Release|Any CPU
		{9BA52E1A-659D-47EE-B0F0-50AF2498B206}.Release|Any CPU.Build.0 = Release|Any CPU
		{A406FE36-1373-4805-8586-5633C8D3E5DA}.Debug|Any CPU.ActiveCfg = Debug|Any CPU
		{A406FE36-1373-4805-8586-5633C8D3E5DA}.Debug|Any CPU.Build.0 = Debug|Any CPU
		{A406FE36-1373-4805-8586-5633C8D3E5DA}.Release|Any CPU.ActiveCfg = Release|Any CPU
		{A406FE36-1373-4805-8586-5633C8D3E5DA}.Release|Any CPU.Build.0 = Release|Any CPU
		{758811C2-7446-4624-9E63-F0CAA6FC55DE}.Debug|Any CPU.ActiveCfg = Debug|Any CPU
		{758811C2-7446-4624-9E63-F0CAA6FC55DE}.Debug|Any CPU.Build.0 = Debug|Any CPU
		{758811C2-7446-4624-9E63-F0CAA6FC55DE}.Release|Any CPU.ActiveCfg = Release|Any CPU
		{758811C2-7446-4624-9E63-F0CAA6FC55DE}.Release|Any CPU.Build.0 = Release|Any CPU
		{D8171C93-7B00-4AD7-BF6D-3AF4B048F8C5}.Debug|Any CPU.ActiveCfg = Debug|Any CPU
		{D8171C93-7B00-4AD7-BF6D-3AF4B048F8C5}.Debug|Any CPU.Build.0 = Debug|Any CPU
		{D8171C93-7B00-4AD7-BF6D-3AF4B048F8C5}.Release|Any CPU.ActiveCfg = Release|Any CPU
		{D8171C93-7B00-4AD7-BF6D-3AF4B048F8C5}.Release|Any CPU.Build.0 = Release|Any CPU
	EndGlobalSection
	GlobalSection(SolutionProperties) = preSolution
		HideSolutionNode = FALSE
	EndGlobalSection
	GlobalSection(NestedProjects) = preSolution
		{26B143D1-D79A-4424-80A8-55A3D627CBFA} = {184A82E6-2E6A-4FBF-8233-2ABA858785CC}
		{D3AF95D2-96B5-4161-85E7-F1A6CA74BA15} = {184A82E6-2E6A-4FBF-8233-2ABA858785CC}
		{9BA52E1A-659D-47EE-B0F0-50AF2498B206} = {C83538DC-0ABF-4640-9340-54ECACF84387}
		{311BF14A-E6B9-421A-9870-75852102572B} = {7A6E0E39-29F7-4C67-9D12-DE0C1EB29AFA}
		{758811C2-7446-4624-9E63-F0CAA6FC55DE} = {311BF14A-E6B9-421A-9870-75852102572B}
		{35250803-F596-46C9-B0D4-3CCB16485168} = {7A6E0E39-29F7-4C67-9D12-DE0C1EB29AFA}
		{3586BF60-2E4D-444C-9011-12D9E5802AB5} = {7A6E0E39-29F7-4C67-9D12-DE0C1EB29AFA}
		{D8171C93-7B00-4AD7-BF6D-3AF4B048F8C5} = {3586BF60-2E4D-444C-9011-12D9E5802AB5}
	EndGlobalSection
	GlobalSection(ExtensibilityGlobals) = postSolution
		SolutionGuid = {F4B5E236-55D9-4DC9-A30B-94A1B4471A9A}
	EndGlobalSection
EndGlobal
